// !$*UTF8*$!
{
	archiveVersion = 1;
	classes = {
	};
	objectVersion = 50;
	objects = {

/* Begin PBXBuildFile section */
		CCCB350C23EFBB14007C4380 /* AppDelegate.swift in Sources */ = {isa = PBXBuildFile; fileRef = CCCB350B23EFBB14007C4380 /* AppDelegate.swift */; };
		CCCB350E23EFBB14007C4380 /* SceneDelegate.swift in Sources */ = {isa = PBXBuildFile; fileRef = CCCB350D23EFBB14007C4380 /* SceneDelegate.swift */; };
		CCCB351023EFBB14007C4380 /* ViewController.swift in Sources */ = {isa = PBXBuildFile; fileRef = CCCB350F23EFBB14007C4380 /* ViewController.swift */; };
		CCCB351323EFBB14007C4380 /* Main.storyboard in Resources */ = {isa = PBXBuildFile; fileRef = CCCB351123EFBB14007C4380 /* Main.storyboard */; };
		CCCB351523EFBB16007C4380 /* Assets.xcassets in Resources */ = {isa = PBXBuildFile; fileRef = CCCB351423EFBB16007C4380 /* Assets.xcassets */; };
		CCCB351823EFBB16007C4380 /* LaunchScreen.storyboard in Resources */ = {isa = PBXBuildFile; fileRef = CCCB351623EFBB16007C4380 /* LaunchScreen.storyboard */; };
		CCF4BA7B23F762840073C35B /* AboutViewController.swift in Sources */ = {isa = PBXBuildFile; fileRef = CCF4BA7A23F762840073C35B /* AboutViewController.swift */; };
		CCF4BA7D23F763670073C35B /* AuthorViewController.swift in Sources */ = {isa = PBXBuildFile; fileRef = CCF4BA7C23F763670073C35B /* AuthorViewController.swift */; };
/* End PBXBuildFile section */

/* Begin PBXFileReference section */
		CCCB350823EFBB14007C4380 /* DiceGame.app */ = {isa = PBXFileReference; explicitFileType = wrapper.application; includeInIndex = 0; path = DiceGame.app; sourceTree = BUILT_PRODUCTS_DIR; };
		CCCB350B23EFBB14007C4380 /* AppDelegate.swift */ = {isa = PBXFileReference; lastKnownFileType = sourcecode.swift; path = AppDelegate.swift; sourceTree = "<group>"; };
		CCCB350D23EFBB14007C4380 /* SceneDelegate.swift */ = {isa = PBXFileReference; lastKnownFileType = sourcecode.swift; path = SceneDelegate.swift; sourceTree = "<group>"; };
		CCCB350F23EFBB14007C4380 /* ViewController.swift */ = {isa = PBXFileReference; lastKnownFileType = sourcecode.swift; path = ViewController.swift; sourceTree = "<group>"; };
		CCCB351223EFBB14007C4380 /* Base */ = {isa = PBXFileReference; lastKnownFileType = file.storyboard; name = Base; path = Base.lproj/Main.storyboard; sourceTree = "<group>"; };
		CCCB351423EFBB16007C4380 /* Assets.xcassets */ = {isa = PBXFileReference; lastKnownFileType = folder.assetcatalog; path = Assets.xcassets; sourceTree = "<group>"; };
		CCCB351723EFBB16007C4380 /* Base */ = {isa = PBXFileReference; lastKnownFileType = file.storyboard; name = Base; path = Base.lproj/LaunchScreen.storyboard; sourceTree = "<group>"; };
		CCCB351923EFBB16007C4380 /* Info.plist */ = {isa = PBXFileReference; lastKnownFileType = text.plist.xml; path = Info.plist; sourceTree = "<group>"; };
		CCF4BA7A23F762840073C35B /* AboutViewController.swift */ = {isa = PBXFileReference; lastKnownFileType = sourcecode.swift; path = AboutViewController.swift; sourceTree = "<group>"; };
		CCF4BA7C23F763670073C35B /* AuthorViewController.swift */ = {isa = PBXFileReference; lastKnownFileType = sourcecode.swift; path = AuthorViewController.swift; sourceTree = "<group>"; };
/* End PBXFileReference section */

/* Begin PBXFrameworksBuildPhase section */
		CCCB350523EFBB14007C4380 /* Frameworks */ = {
			isa = PBXFrameworksBuildPhase;
			buildActionMask = 2147483647;
			files = (
			);
			runOnlyForDeploymentPostprocessing = 0;
		};
/* End PBXFrameworksBuildPhase section */

/* Begin PBXGroup section */
		CCCB34FF23EFBB14007C4380 = {
			isa = PBXGroup;
			children = (
				CCCB350A23EFBB14007C4380 /* DiceGame */,
				CCCB350923EFBB14007C4380 /* Products */,
			);
			sourceTree = "<group>";
		};
		CCCB350923EFBB14007C4380 /* Products */ = {
			isa = PBXGroup;
			children = (
				CCCB350823EFBB14007C4380 /* DiceGame.app */,
			);
			name = Products;
			sourceTree = "<group>";
		};
		CCCB350A23EFBB14007C4380 /* DiceGame */ = {
			isa = PBXGroup;
			children = (
				CCCB350B23EFBB14007C4380 /* AppDelegate.swift */,
				CCCB350D23EFBB14007C4380 /* SceneDelegate.swift */,
				CCCB350F23EFBB14007C4380 /* ViewController.swift */,
				CCCB351123EFBB14007C4380 /* Main.storyboard */,
				CCF4BA7C23F763670073C35B /* AuthorViewController.swift */,
				CCF4BA7A23F762840073C35B /* AboutViewController.swift */,
				CCCB351423EFBB16007C4380 /* Assets.xcassets */,
				CCCB351623EFBB16007C4380 /* LaunchScreen.storyboard */,
				CCCB351923EFBB16007C4380 /* Info.plist */,
			);
			path = DiceGame;
			sourceTree = "<group>";
		};
/* End PBXGroup section */

/* Begin PBXNativeTarget section */
		CCCB350723EFBB14007C4380 /* DiceGame */ = {
			isa = PBXNativeTarget;
			buildConfigurationList = CCCB351C23EFBB16007C4380 /* Build configuration list for PBXNativeTarget "DiceGame" */;
			buildPhases = (
				CCCB350423EFBB14007C4380 /* Sources */,
				CCCB350523EFBB14007C4380 /* Frameworks */,
				CCCB350623EFBB14007C4380 /* Resources */,
			);
			buildRules = (
			);
			dependencies = (
			);
			name = DiceGame;
			productName = DiceGame;
			productReference = CCCB350823EFBB14007C4380 /* DiceGame.app */;
			productType = "com.apple.product-type.application";
		};
/* End PBXNativeTarget section */

/* Begin PBXProject section */
		CCCB350023EFBB14007C4380 /* Project object */ = {
			isa = PBXProject;
			attributes = {
				LastSwiftUpdateCheck = 1130;
				LastUpgradeCheck = 1130;
				ORGANIZATIONNAME = "Le Sun";
				TargetAttributes = {
					CCCB350723EFBB14007C4380 = {
						CreatedOnToolsVersion = 11.3.1;
					};
				};
			};
			buildConfigurationList = CCCB350323EFBB14007C4380 /* Build configuration list for PBXProject "DiceGame" */;
			compatibilityVersion = "Xcode 9.3";
			developmentRegion = en;
			hasScannedForEncodings = 0;
			knownRegions = (
				en,
				Base,
			);
			mainGroup = CCCB34FF23EFBB14007C4380;
			productRefGroup = CCCB350923EFBB14007C4380 /* Products */;
			projectDirPath = "";
			projectRoot = "";
			targets = (
				CCCB350723EFBB14007C4380 /* DiceGame */,
			);
		};
/* End PBXProject section */

/* Begin PBXResourcesBuildPhase section */
		CCCB350623EFBB14007C4380 /* Resources */ = {
			isa = PBXResourcesBuildPhase;
			buildActionMask = 2147483647;
			files = (
				CCCB351823EFBB16007C4380 /* LaunchScreen.storyboard in Resources */,
				CCCB351523EFBB16007C4380 /* Assets.xcassets in Resources */,
				CCCB351323EFBB14007C4380 /* Main.storyboard in Resources */,
			);
			runOnlyForDeploymentPostprocessing = 0;
		};
/* End PBXResourcesBuildPhase section */

/* Begin PBXSourcesBuildPhase section */
		CCCB350423EFBB14007C4380 /* Sources */ = {
			isa = PBXSourcesBuildPhase;
			buildActionMask = 2147483647;
			files = (
				CCCB351023EFBB14007C4380 /* ViewController.swift in Sources */,
				CCF4BA7D23F763670073C35B /* AuthorViewController.swift in Sources */,
				CCCB350C23EFBB14007C4380 /* AppDelegate.swift in Sources */,
				CCF4BA7B23F762840073C35B /* AboutViewController.swift in Sources */,
				CCCB350E23EFBB14007C4380 /* SceneDelegate.swift in Sources */,
			);
			runOnlyForDeploymentPostprocessing = 0;
		};
/* End PBXSourcesBuildPhase section */

/* Begin PBXVariantGroup section */
		CCCB351123EFBB14007C4380 /* Main.storyboard */ = {
			isa = PBXVariantGroup;
			children = (
				CCCB351223EFBB14007C4380 /* Base */,
			);
			name = Main.storyboard;
			sourceTree = "<group>";
		};
		CCCB351623EFBB16007C4380 /* LaunchScreen.storyboard */ = {
			isa = PBXVariantGroup;
			children = (
				CCCB351723EFBB16007C4380 /* Base */,
			);
			name = LaunchScreen.storyboard;
			sourceTree = "<group>";
		};
/* End PBXVariantGroup section */

/* Begin XCBuildConfiguration section */
		CCCB351A23EFBB16007C4380 /* Debug */ = {
			isa = XCBuildConfiguration;
			buildSettings = {
				ALWAYS_SEARCH_USER_PATHS = NO;
				CLANG_ANALYZER_NONNULL = YES;
				CLANG_ANALYZER_NUMBER_OBJECT_CONVERSION = YES_AGGRESSIVE;
				CLANG_CXX_LANGUAGE_STANDARD = "gnu++14";
				CLANG_CXX_LIBRARY = "libc++";
				CLANG_ENABLE_MODULES = YES;
				CLANG_ENABLE_OBJC_ARC = YES;
				CLANG_ENABLE_OBJC_WEAK = YES;
				CLANG_WARN_BLOCK_CAPTURE_AUTORELEASING = YES;
				CLANG_WARN_BOOL_CONVERSION = YES;
				CLANG_WARN_COMMA = YES;
				CLANG_WARN_CONSTANT_CONVERSION = YES;
				CLANG_WARN_DEPRECATED_OBJC_IMPLEMENTATIONS = YES;
				CLANG_WARN_DIRECT_OBJC_ISA_USAGE = YES_ERROR;
				CLANG_WARN_DOCUMENTATION_COMMENTS = YES;
				CLANG_WARN_EMPTY_BODY = YES;
				CLANG_WARN_ENUM_CONVERSION = YES;
				CLANG_WARN_INFINITE_RECURSION = YES;
				CLANG_WARN_INT_CONVERSION = YES;
				CLANG_WARN_NON_LITERAL_NULL_CONVERSION = YES;
				CLANG_WARN_OBJC_IMPLICIT_RETAIN_SELF = YES;
				CLANG_WARN_OBJC_LITERAL_CONVERSION = YES;
				CLANG_WARN_OBJC_ROOT_CLASS = YES_ERROR;
				CLANG_WARN_RANGE_LOOP_ANALYSIS = YES;
				CLANG_WARN_STRICT_PROTOTYPES = YES;
				CLANG_WARN_SUSPICIOUS_MOVE = YES;
				CLANG_WARN_UNGUARDED_AVAILABILITY = YES_AGGRESSIVE;
				CLANG_WARN_UNREACHABLE_CODE = YES;
				CLANG_WARN__DUPLICATE_METHOD_MATCH = YES;
				COPY_PHASE_STRIP = NO;
				DEBUG_INFORMATION_FORMAT = dwarf;
				ENABLE_STRICT_OBJC_MSGSEND = YES;
				ENABLE_TESTABILITY = YES;
				GCC_C_LANGUAGE_STANDARD = gnu11;
				GCC_DYNAMIC_NO_PIC = NO;
				GCC_NO_COMMON_BLOCKS = YES;
				GCC_OPTIMIZATION_LEVEL = 0;
				GCC_PREPROCESSOR_DEFINITIONS = (
					"DEBUG=1",
					"$(inherited)",
				);
				GCC_WARN_64_TO_32_BIT_CONVERSION = YES;
				GCC_WARN_ABOUT_RETURN_TYPE = YES_ERROR;
				GCC_WARN_UNDECLARED_SELECTOR = YES;
				GCC_WARN_UNINITIALIZED_AUTOS = YES_AGGRESSIVE;
				GCC_WARN_UNUSED_FUNCTION = YES;
				GCC_WARN_UNUSED_VARIABLE = YES;
				IPHONEOS_DEPLOYMENT_TARGET = 13.2;
				MTL_ENABLE_DEBUG_INFO = INCLUDE_SOURCE;
				MTL_FAST_MATH = YES;
				ONLY_ACTIVE_ARCH = YES;
				SDKROOT = iphoneos;
				SWIFT_ACTIVE_COMPILATION_CONDITIONS = DEBUG;
				SWIFT_OPTIMIZATION_LEVEL = "-Onone";
			};
			name = Debug;
		};
		CCCB351B23EFBB16007C4380 /* Release */ = {
			isa = XCBuildConfiguration;
			buildSettings = {
				ALWAYS_SEARCH_USER_PATHS = NO;
				CLANG_ANALYZER_NONNULL = YES;
				CLANG_ANALYZER_NUMBER_OBJECT_CONVERSION = YES_AGGRESSIVE;
				CLANG_CXX_LANGUAGE_STANDARD = "gnu++14";
				CLANG_CXX_LIBRARY = "libc++";
				CLANG_ENABLE_MODULES = YES;
				CLANG_ENABLE_OBJC_ARC = YES;
				CLANG_ENABLE_OBJC_WEAK = YES;
				CLANG_WARN_BLOCK_CAPTURE_AUTORELEASING = YES;
				CLANG_WARN_BOOL_CONVERSION = YES;
				CLANG_WARN_COMMA = YES;
				CLANG_WARN_CONSTANT_CONVERSION = YES;
				CLANG_WARN_DEPRECATED_OBJC_IMPLEMENTATIONS = YES;
				CLANG_WARN_DIRECT_OBJC_ISA_USAGE = YES_ERROR;
				CLANG_WARN_DOCUMENTATION_COMMENTS = YES;
				CLANG_WARN_EMPTY_BODY = YES;
				CLANG_WARN_ENUM_CONVERSION = YES;
				CLANG_WARN_INFINITE_RECURSION = YES;
				CLANG_WARN_INT_CONVERSION = YES;
				CLANG_WARN_NON_LITERAL_NULL_CONVERSION = YES;
				CLANG_WARN_OBJC_IMPLICIT_RETAIN_SELF = YES;
				CLANG_WARN_OBJC_LITERAL_CONVERSION = YES;
				CLANG_WARN_OBJC_ROOT_CLASS = YES_ERROR;
				CLANG_WARN_RANGE_LOOP_ANALYSIS = YES;
				CLANG_WARN_STRICT_PROTOTYPES = YES;
				CLANG_WARN_SUSPICIOUS_MOVE = YES;
				CLANG_WARN_UNGUARDED_AVAILABILITY = YES_AGGRESSIVE;
				CLANG_WARN_UNREACHABLE_CODE = YES;
				CLANG_WARN__DUPLICATE_METHOD_MATCH = YES;
				COPY_PHASE_STRIP = NO;
				DEBUG_INFORMATION_FORMAT = "dwarf-with-dsym";
				ENABLE_NS_ASSERTIONS = NO;
				ENABLE_STRICT_OBJC_MSGSEND = YES;
				GCC_C_LANGUAGE_STANDARD = gnu11;
				GCC_NO_COMMON_BLOCKS = YES;
				GCC_WARN_64_TO_32_BIT_CONVERSION = YES;
				GCC_WARN_ABOUT_RETURN_TYPE = YES_ERROR;
				GCC_WARN_UNDECLARED_SELECTOR = YES;
				GCC_WARN_UNINITIALIZED_AUTOS = YES_AGGRESSIVE;
				GCC_WARN_UNUSED_FUNCTION = YES;
				GCC_WARN_UNUSED_VARIABLE = YES;
				IPHONEOS_DEPLOYMENT_TARGET = 13.2;
				MTL_ENABLE_DEBUG_INFO = NO;
				MTL_FAST_MATH = YES;
				SDKROOT = iphoneos;
				SWIFT_COMPILATION_MODE = wholemodule;
				SWIFT_OPTIMIZATION_LEVEL = "-O";
				VALIDATE_PRODUCT = YES;
			};
			name = Release;
		};
		CCCB351D23EFBB16007C4380 /* Debug */ = {
			isa = XCBuildConfiguration;
			buildSettings = {
				ASSETCATALOG_COMPILER_APPICON_NAME = AppIcon;
				CODE_SIGN_STYLE = Automatic;
				INFOPLIST_FILE = DiceGame/Info.plist;
				LD_RUNPATH_SEARCH_PATHS = (
					"$(inherited)",
					"@executable_path/Frameworks",
				);
				PRODUCT_BUNDLE_IDENTIFIER = edu.syr.Sun.DiceGame;
				PRODUCT_NAME = "$(TARGET_NAME)";
				SWIFT_VERSION = 5.0;
				TARGETED_DEVICE_FAMILY = "1,2";
			};
			name = Debug;
		};
		CCCB351E23EFBB16007C4380 /* Release */ = {
			isa = XCBuildConfiguration;
			buildSettings = {
				ASSETCATALOG_COMPILER_APPICON_NAME = AppIcon;
				CODE_SIGN_STYLE = Automatic;
				INFOPLIST_FILE = DiceGame/Info.plist;
				LD_RUNPATH_SEARCH_PATHS = (
					"$(inherited)",
					"@executable_path/Frameworks",
				);
				PRODUCT_BUNDLE_IDENTIFIER = edu.syr.Sun.DiceGame;
				PRODUCT_NAME = "$(TARGET_NAME)";
				SWIFT_VERSION = 5.0;
				TARGETED_DEVICE_FAMILY = "1,2";
			};
			name = Release;
		};
/* End XCBuildConfiguration section */

/* Begin XCConfigurationList section */
		CCCB350323EFBB14007C4380 /* Build configuration list for PBXProject "DiceGame" */ = {
			isa = XCConfigurationList;
			buildConfigurations = (
				CCCB351A23EFBB16007C4380 /* Debug */,
				CCCB351B23EFBB16007C4380 /* Release */,
			);
			defaultConfigurationIsVisible = 0;
			defaultConfigurationName = Release;
		};
		CCCB351C23EFBB16007C4380 /* Build configuration list for PBXNativeTarget "DiceGame" */ = {
			isa = XCConfigurationList;
			buildConfigurations = (
				CCCB351D23EFBB16007C4380 /* Debug */,
				CCCB351E23EFBB16007C4380 /* Release */,
			);
			defaultConfigurationIsVisible = 0;
			defaultConfigurationName = Release;
		};
/* End XCConfigurationList section */
	};
	rootObject = CCCB350023EFBB14007C4380 /* Project object */;
}
